// !$*UTF8*$!
{
	archiveVersion = 1;
	classes = {
	};
	objectVersion = 56;
	objects = {

/* Begin PBXBuildFile section */
		52125CC62BAD7FC200701295 /* MacView.swift in Sources */ = {isa = PBXBuildFile; fileRef = 52125CA52BAD7FC100701295 /* MacView.swift */; };
		52125CC72BAD7FC200701295 /* MainTabView.swift in Sources */ = {isa = PBXBuildFile; fileRef = 52125CA72BAD7FC100701295 /* MainTabView.swift */; };
		52125CC82BAD7FC200701295 /* IPhoneView.swift in Sources */ = {isa = PBXBuildFile; fileRef = 52125CA82BAD7FC100701295 /* IPhoneView.swift */; };
		52125CC92BAD7FC200701295 /* IPadView.swift in Sources */ = {isa = PBXBuildFile; fileRef = 52125CA92BAD7FC100701295 /* IPadView.swift */; };
		52125CCA2BAD7FC200701295 /* ChooseCityView.swift in Sources */ = {isa = PBXBuildFile; fileRef = 52125CAB2BAD7FC100701295 /* ChooseCityView.swift */; };
		52125CCB2BAD7FC200701295 /* ContentViewModel.swift in Sources */ = {isa = PBXBuildFile; fileRef = 52125CAD2BAD7FC100701295 /* ContentViewModel.swift */; };
		52125CCC2BAD7FC200701295 /* AppButtons.swift in Sources */ = {isa = PBXBuildFile; fileRef = 52125CAF2BAD7FC200701295 /* AppButtons.swift */; };
		52125CCD2BAD7FC200701295 /* SalahApp.swift in Sources */ = {isa = PBXBuildFile; fileRef = 52125CB02BAD7FC200701295 /* SalahApp.swift */; };
		52125CCE2BAD7FC200701295 /* ContentView.swift in Sources */ = {isa = PBXBuildFile; fileRef = 52125CB12BAD7FC200701295 /* ContentView.swift */; };
		52125CD02BAD7FC200701295 /* PrayerPlace.swift in Sources */ = {isa = PBXBuildFile; fileRef = 52125CB42BAD7FC200701295 /* PrayerPlace.swift */; };
		52125CD12BAD7FC200701295 /* SettingsView.swift in Sources */ = {isa = PBXBuildFile; fileRef = 52125CB62BAD7FC200701295 /* SettingsView.swift */; };
		52125CD22BAD7FC200701295 /* LocationPermissionOnboard.swift in Sources */ = {isa = PBXBuildFile; fileRef = 52125CB72BAD7FC200701295 /* LocationPermissionOnboard.swift */; };
		52125CD32BAD7FC200701295 /* NotificationPermission.swift in Sources */ = {isa = PBXBuildFile; fileRef = 52125CB82BAD7FC200701295 /* NotificationPermission.swift */; };
		52125CD42BAD7FC200701295 /* PermissionBoard.swift in Sources */ = {isa = PBXBuildFile; fileRef = 52125CB92BAD7FC200701295 /* PermissionBoard.swift */; };
		52125CD52BAD7FC200701295 /* DetailsView.swift in Sources */ = {isa = PBXBuildFile; fileRef = 52125CBA2BAD7FC200701295 /* DetailsView.swift */; };
		52125CD62BAD7FC200701295 /* QiblaView.swift in Sources */ = {isa = PBXBuildFile; fileRef = 52125CBB2BAD7FC200701295 /* QiblaView.swift */; };
		52125CD72BAD7FC200701295 /* NextPrayerView.swift in Sources */ = {isa = PBXBuildFile; fileRef = 52125CBC2BAD7FC200701295 /* NextPrayerView.swift */; };
		52125CD82BAD7FC200701295 /* NotificationManager.swift in Sources */ = {isa = PBXBuildFile; fileRef = 52125CBD2BAD7FC200701295 /* NotificationManager.swift */; };
		52125CD92BAD7FC200701295 /* PrayerTodayCellView.swift in Sources */ = {isa = PBXBuildFile; fileRef = 52125CBE2BAD7FC200701295 /* PrayerTodayCellView.swift */; };
		52125CDA2BAD7FC200701295 /* LocationListView.swift in Sources */ = {isa = PBXBuildFile; fileRef = 52125CBF2BAD7FC200701295 /* LocationListView.swift */; };
		52125CDB2BAD7FC200701295 /* AppLandingView.swift in Sources */ = {isa = PBXBuildFile; fileRef = 52125CC02BAD7FC200701295 /* AppLandingView.swift */; };
		52125CDC2BAD7FC200701295 /* PrayerInfoView.swift in Sources */ = {isa = PBXBuildFile; fileRef = 52125CC12BAD7FC200701295 /* PrayerInfoView.swift */; };
		52125CDD2BAD7FC200701295 /* PrayerTodaySectionView.swift in Sources */ = {isa = PBXBuildFile; fileRef = 52125CC22BAD7FC200701295 /* PrayerTodaySectionView.swift */; };
		52125CDE2BAD7FC200701295 /* LocationManager.swift in Sources */ = {isa = PBXBuildFile; fileRef = 52125CC32BAD7FC200701295 /* LocationManager.swift */; };
		52125CDF2BAD7FC200701295 /* NowTimeView.swift in Sources */ = {isa = PBXBuildFile; fileRef = 52125CC42BAD7FC200701295 /* NowTimeView.swift */; };
		52125CE02BAD7FC200701295 /* ContainerView.swift in Sources */ = {isa = PBXBuildFile; fileRef = 52125CC52BAD7FC200701295 /* ContainerView.swift */; };
		C91731B22B45CA8F0054CAF6 /* SalahSettings.JSON in Resources */ = {isa = PBXBuildFile; fileRef = C91731B12B45CA8F0054CAF6 /* SalahSettings.JSON */; };
		C9CE44922B41C78D002B7002 /* cities.json in Resources */ = {isa = PBXBuildFile; fileRef = C9CE44912B41C78D002B7002 /* cities.json */; };
		C9F5E30E2B20793C00964AF0 /* Assets.xcassets in Resources */ = {isa = PBXBuildFile; fileRef = C9F5E30D2B20793C00964AF0 /* Assets.xcassets */; };
		C9F5E3122B20793C00964AF0 /* Preview Assets.xcassets in Resources */ = {isa = PBXBuildFile; fileRef = C9F5E3112B20793C00964AF0 /* Preview Assets.xcassets */; };
/* End PBXBuildFile section */

/* Begin PBXCopyFilesBuildPhase section */
		052F0CC22B2322AF0037ADAE /* Embed Watch Content */ = {
			isa = PBXCopyFilesBuildPhase;
			buildActionMask = 2147483647;
			dstPath = "$(CONTENTS_FOLDER_PATH)/Watch";
			dstSubfolderSpec = 16;
			files = (
			);
			name = "Embed Watch Content";
			runOnlyForDeploymentPostprocessing = 0;
		};
		C96F50CA2B29A403005D09A5 /* Embed Foundation Extensions */ = {
			isa = PBXCopyFilesBuildPhase;
			buildActionMask = 2147483647;
			dstPath = "";
			dstSubfolderSpec = 13;
			files = (
			);
			name = "Embed Foundation Extensions";
			runOnlyForDeploymentPostprocessing = 0;
		};
/* End PBXCopyFilesBuildPhase section */

/* Begin PBXFileReference section */
		0504786E2B20F63500E6BE85 /* Info.plist */ = {isa = PBXFileReference; lastKnownFileType = text.plist; path = Info.plist; sourceTree = "<group>"; };
		52125CA52BAD7FC100701295 /* MacView.swift */ = {isa = PBXFileReference; fileEncoding = 4; lastKnownFileType = sourcecode.swift; path = MacView.swift; sourceTree = "<group>"; };
		52125CA72BAD7FC100701295 /* MainTabView.swift */ = {isa = PBXFileReference; fileEncoding = 4; lastKnownFileType = sourcecode.swift; path = MainTabView.swift; sourceTree = "<group>"; };
		52125CA82BAD7FC100701295 /* IPhoneView.swift */ = {isa = PBXFileReference; fileEncoding = 4; lastKnownFileType = sourcecode.swift; path = IPhoneView.swift; sourceTree = "<group>"; };
		52125CA92BAD7FC100701295 /* IPadView.swift */ = {isa = PBXFileReference; fileEncoding = 4; lastKnownFileType = sourcecode.swift; path = IPadView.swift; sourceTree = "<group>"; };
		52125CAB2BAD7FC100701295 /* ChooseCityView.swift */ = {isa = PBXFileReference; fileEncoding = 4; lastKnownFileType = sourcecode.swift; path = ChooseCityView.swift; sourceTree = "<group>"; };
		52125CAD2BAD7FC100701295 /* ContentViewModel.swift */ = {isa = PBXFileReference; fileEncoding = 4; lastKnownFileType = sourcecode.swift; path = ContentViewModel.swift; sourceTree = "<group>"; };
		52125CAF2BAD7FC200701295 /* AppButtons.swift */ = {isa = PBXFileReference; fileEncoding = 4; lastKnownFileType = sourcecode.swift; path = AppButtons.swift; sourceTree = "<group>"; };
		52125CB02BAD7FC200701295 /* SalahApp.swift */ = {isa = PBXFileReference; fileEncoding = 4; lastKnownFileType = sourcecode.swift; path = SalahApp.swift; sourceTree = "<group>"; };
		52125CB12BAD7FC200701295 /* ContentView.swift */ = {isa = PBXFileReference; fileEncoding = 4; lastKnownFileType = sourcecode.swift; path = ContentView.swift; sourceTree = "<group>"; };
		52125CB42BAD7FC200701295 /* PrayerPlace.swift */ = {isa = PBXFileReference; fileEncoding = 4; lastKnownFileType = sourcecode.swift; path = PrayerPlace.swift; sourceTree = "<group>"; };
		52125CB62BAD7FC200701295 /* SettingsView.swift */ = {isa = PBXFileReference; fileEncoding = 4; lastKnownFileType = sourcecode.swift; path = SettingsView.swift; sourceTree = "<group>"; };
		52125CB72BAD7FC200701295 /* LocationPermissionOnboard.swift */ = {isa = PBXFileReference; fileEncoding = 4; lastKnownFileType = sourcecode.swift; path = LocationPermissionOnboard.swift; sourceTree = "<group>"; };
		52125CB82BAD7FC200701295 /* NotificationPermission.swift */ = {isa = PBXFileReference; fileEncoding = 4; lastKnownFileType = sourcecode.swift; path = NotificationPermission.swift; sourceTree = "<group>"; };
		52125CB92BAD7FC200701295 /* PermissionBoard.swift */ = {isa = PBXFileReference; fileEncoding = 4; lastKnownFileType = sourcecode.swift; path = PermissionBoard.swift; sourceTree = "<group>"; };
		52125CBA2BAD7FC200701295 /* DetailsView.swift */ = {isa = PBXFileReference; fileEncoding = 4; lastKnownFileType = sourcecode.swift; path = DetailsView.swift; sourceTree = "<group>"; };
		52125CBB2BAD7FC200701295 /* QiblaView.swift */ = {isa = PBXFileReference; fileEncoding = 4; lastKnownFileType = sourcecode.swift; path = QiblaView.swift; sourceTree = "<group>"; };
		52125CBC2BAD7FC200701295 /* NextPrayerView.swift */ = {isa = PBXFileReference; fileEncoding = 4; lastKnownFileType = sourcecode.swift; path = NextPrayerView.swift; sourceTree = "<group>"; };
		52125CBD2BAD7FC200701295 /* NotificationManager.swift */ = {isa = PBXFileReference; fileEncoding = 4; lastKnownFileType = sourcecode.swift; path = NotificationManager.swift; sourceTree = "<group>"; };
		52125CBE2BAD7FC200701295 /* PrayerTodayCellView.swift */ = {isa = PBXFileReference; fileEncoding = 4; lastKnownFileType = sourcecode.swift; path = PrayerTodayCellView.swift; sourceTree = "<group>"; };
		52125CBF2BAD7FC200701295 /* LocationListView.swift */ = {isa = PBXFileReference; fileEncoding = 4; lastKnownFileType = sourcecode.swift; path = LocationListView.swift; sourceTree = "<group>"; };
		52125CC02BAD7FC200701295 /* AppLandingView.swift */ = {isa = PBXFileReference; fileEncoding = 4; lastKnownFileType = sourcecode.swift; path = AppLandingView.swift; sourceTree = "<group>"; };
		52125CC12BAD7FC200701295 /* PrayerInfoView.swift */ = {isa = PBXFileReference; fileEncoding = 4; lastKnownFileType = sourcecode.swift; path = PrayerInfoView.swift; sourceTree = "<group>"; };
		52125CC22BAD7FC200701295 /* PrayerTodaySectionView.swift */ = {isa = PBXFileReference; fileEncoding = 4; lastKnownFileType = sourcecode.swift; path = PrayerTodaySectionView.swift; sourceTree = "<group>"; };
		52125CC32BAD7FC200701295 /* LocationManager.swift */ = {isa = PBXFileReference; fileEncoding = 4; lastKnownFileType = sourcecode.swift; path = LocationManager.swift; sourceTree = "<group>"; };
		52125CC42BAD7FC200701295 /* NowTimeView.swift */ = {isa = PBXFileReference; fileEncoding = 4; lastKnownFileType = sourcecode.swift; path = NowTimeView.swift; sourceTree = "<group>"; };
		52125CC52BAD7FC200701295 /* ContainerView.swift */ = {isa = PBXFileReference; fileEncoding = 4; lastKnownFileType = sourcecode.swift; path = ContainerView.swift; sourceTree = "<group>"; };
		527F44682B7822B100758629 /* Salah_WatchApp.swift */ = {isa = PBXFileReference; lastKnownFileType = sourcecode.swift; path = Salah_WatchApp.swift; sourceTree = "<group>"; };
		527F446A2B7822B100758629 /* ContentView.swift */ = {isa = PBXFileReference; lastKnownFileType = sourcecode.swift; path = ContentView.swift; sourceTree = "<group>"; };
		527F446C2B7822B300758629 /* Assets.xcassets */ = {isa = PBXFileReference; lastKnownFileType = folder.assetcatalog; path = Assets.xcassets; sourceTree = "<group>"; };
		527F446F2B7822B300758629 /* Preview Assets.xcassets */ = {isa = PBXFileReference; lastKnownFileType = folder.assetcatalog; path = "Preview Assets.xcassets"; sourceTree = "<group>"; };
		527F44792B7822B300758629 /* Salah_Watch_Watch_AppTests.swift */ = {isa = PBXFileReference; lastKnownFileType = sourcecode.swift; path = Salah_Watch_Watch_AppTests.swift; sourceTree = "<group>"; };
		527F44832B7822B300758629 /* Salah_Watch_Watch_AppUITests.swift */ = {isa = PBXFileReference; lastKnownFileType = sourcecode.swift; path = Salah_Watch_Watch_AppUITests.swift; sourceTree = "<group>"; };
		527F44852B7822B300758629 /* Salah_Watch_Watch_AppUITestsLaunchTests.swift */ = {isa = PBXFileReference; lastKnownFileType = sourcecode.swift; path = Salah_Watch_Watch_AppUITestsLaunchTests.swift; sourceTree = "<group>"; };
		C91731B12B45CA8F0054CAF6 /* SalahSettings.JSON */ = {isa = PBXFileReference; fileEncoding = 4; lastKnownFileType = text.json; path = SalahSettings.JSON; sourceTree = "<group>"; };
		C96F50B42B29A401005D09A5 /* WidgetKit.framework */ = {isa = PBXFileReference; lastKnownFileType = wrapper.framework; name = WidgetKit.framework; path = System/Library/Frameworks/WidgetKit.framework; sourceTree = SDKROOT; };
		C96F50B62B29A401005D09A5 /* SwiftUI.framework */ = {isa = PBXFileReference; lastKnownFileType = wrapper.framework; name = SwiftUI.framework; path = System/Library/Frameworks/SwiftUI.framework; sourceTree = SDKROOT; };
		C9CE44912B41C78D002B7002 /* cities.json */ = {isa = PBXFileReference; fileEncoding = 4; lastKnownFileType = text.json; path = cities.json; sourceTree = "<group>"; };
		C9F5E3062B20793A00964AF0 /* Salah.app */ = {isa = PBXFileReference; explicitFileType = wrapper.application; includeInIndex = 0; path = Salah.app; sourceTree = BUILT_PRODUCTS_DIR; };
		C9F5E30D2B20793C00964AF0 /* Assets.xcassets */ = {isa = PBXFileReference; lastKnownFileType = folder.assetcatalog; path = Assets.xcassets; sourceTree = "<group>"; };
		C9F5E30F2B20793C00964AF0 /* Salah.entitlements */ = {isa = PBXFileReference; lastKnownFileType = text.plist.entitlements; path = Salah.entitlements; sourceTree = "<group>"; };
		C9F5E3112B20793C00964AF0 /* Preview Assets.xcassets */ = {isa = PBXFileReference; lastKnownFileType = folder.assetcatalog; path = "Preview Assets.xcassets"; sourceTree = "<group>"; };
		C9F5E31A2B207EBC00964AF0 /* Salah-Bridging-Header.h */ = {isa = PBXFileReference; lastKnownFileType = sourcecode.c.h; path = "Salah-Bridging-Header.h"; sourceTree = "<group>"; };
/* End PBXFileReference section */

/* Begin PBXFrameworksBuildPhase section */
		C9F5E3032B20793A00964AF0 /* Frameworks */ = {
			isa = PBXFrameworksBuildPhase;
			buildActionMask = 2147483647;
			files = (
			);
			runOnlyForDeploymentPostprocessing = 0;
		};
/* End PBXFrameworksBuildPhase section */

/* Begin PBXGroup section */
		056F97C52B22812B006AC7F8 /* Data */ = {
			isa = PBXGroup;
			children = (
				C91731B12B45CA8F0054CAF6 /* SalahSettings.JSON */,
				C9CE44912B41C78D002B7002 /* cities.json */,
			);
			path = Data;
			sourceTree = "<group>";
		};
		52125CA32BAD7FC100701295 /* Prayer */ = {
			isa = PBXGroup;
			children = (
			);
			path = Prayer;
			sourceTree = "<group>";
		};
		52125CA42BAD7FC100701295 /* Modules */ = {
			isa = PBXGroup;
			children = (
				52125CA52BAD7FC100701295 /* MacView.swift */,
				52125CA62BAD7FC100701295 /* TabView */,
				52125CA82BAD7FC100701295 /* IPhoneView.swift */,
				52125CA92BAD7FC100701295 /* IPadView.swift */,
				52125CAA2BAD7FC100701295 /* ChooseCityView */,
			);
			path = Modules;
			sourceTree = "<group>";
		};
		52125CA62BAD7FC100701295 /* TabView */ = {
			isa = PBXGroup;
			children = (
				52125CA72BAD7FC100701295 /* MainTabView.swift */,
			);
			path = TabView;
			sourceTree = "<group>";
		};
		52125CAA2BAD7FC100701295 /* ChooseCityView */ = {
			isa = PBXGroup;
			children = (
				52125CAB2BAD7FC100701295 /* ChooseCityView.swift */,
			);
			path = ChooseCityView;
			sourceTree = "<group>";
		};
		52125CAC2BAD7FC100701295 /* ViewModel */ = {
			isa = PBXGroup;
			children = (
				52125CAD2BAD7FC100701295 /* ContentViewModel.swift */,
			);
			path = ViewModel;
			sourceTree = "<group>";
		};
		52125CAE2BAD7FC200701295 /* AppResources */ = {
			isa = PBXGroup;
			children = (
				52125CAF2BAD7FC200701295 /* AppButtons.swift */,
				52125CB02BAD7FC200701295 /* SalahApp.swift */,
				52125CC02BAD7FC200701295 /* AppLandingView.swift */,
				52125CB12BAD7FC200701295 /* ContentView.swift */,
			);
			path = AppResources;
			sourceTree = "<group>";
		};
		52125CB32BAD7FC200701295 /* Models */ = {
			isa = PBXGroup;
			children = (
				52125CB42BAD7FC200701295 /* PrayerPlace.swift */,
			);
			path = Models;
			sourceTree = "<group>";
		};
		52125CB52BAD7FC200701295 /* Views */ = {
			isa = PBXGroup;
			children = (
				52125CB62BAD7FC200701295 /* SettingsView.swift */,
				52125CB72BAD7FC200701295 /* LocationPermissionOnboard.swift */,
				52125CB82BAD7FC200701295 /* NotificationPermission.swift */,
				52125CB92BAD7FC200701295 /* PermissionBoard.swift */,
				52125CBA2BAD7FC200701295 /* DetailsView.swift */,
				52125CBB2BAD7FC200701295 /* QiblaView.swift */,
				52125CBC2BAD7FC200701295 /* NextPrayerView.swift */,
				52125CBD2BAD7FC200701295 /* NotificationManager.swift */,
				52125CBE2BAD7FC200701295 /* PrayerTodayCellView.swift */,
				52125CBF2BAD7FC200701295 /* LocationListView.swift */,
				52125CC12BAD7FC200701295 /* PrayerInfoView.swift */,
				52125CC22BAD7FC200701295 /* PrayerTodaySectionView.swift */,
				52125CC32BAD7FC200701295 /* LocationManager.swift */,
				52125CC42BAD7FC200701295 /* NowTimeView.swift */,
				52125CC52BAD7FC200701295 /* ContainerView.swift */,
			);
			path = Views;
			sourceTree = "<group>";
		};
		527F44672B7822B100758629 /* Salah_Watch Watch App */ = {
			isa = PBXGroup;
			children = (
				527F44682B7822B100758629 /* Salah_WatchApp.swift */,
				527F446A2B7822B100758629 /* ContentView.swift */,
				527F446C2B7822B300758629 /* Assets.xcassets */,
				527F446E2B7822B300758629 /* Preview Content */,
			);
			path = "Salah_Watch Watch App";
			sourceTree = "<group>";
		};
		527F446E2B7822B300758629 /* Preview Content */ = {
			isa = PBXGroup;
			children = (
				527F446F2B7822B300758629 /* Preview Assets.xcassets */,
			);
			path = "Preview Content";
			sourceTree = "<group>";
		};
		527F44782B7822B300758629 /* Salah_Watch Watch AppTests */ = {
			isa = PBXGroup;
			children = (
				527F44792B7822B300758629 /* Salah_Watch_Watch_AppTests.swift */,
			);
			path = "Salah_Watch Watch AppTests";
			sourceTree = "<group>";
		};
		527F44822B7822B300758629 /* Salah_Watch Watch AppUITests */ = {
			isa = PBXGroup;
			children = (
				527F44832B7822B300758629 /* Salah_Watch_Watch_AppUITests.swift */,
				527F44852B7822B300758629 /* Salah_Watch_Watch_AppUITestsLaunchTests.swift */,
			);
			path = "Salah_Watch Watch AppUITests";
			sourceTree = "<group>";
		};
		C96F50B32B29A401005D09A5 /* Frameworks */ = {
			isa = PBXGroup;
			children = (
				C96F50B42B29A401005D09A5 /* WidgetKit.framework */,
				C96F50B62B29A401005D09A5 /* SwiftUI.framework */,
			);
			name = Frameworks;
			sourceTree = "<group>";
		};
		C9F5E2FD2B20793A00964AF0 = {
			isa = PBXGroup;
			children = (
				C9F5E3082B20793A00964AF0 /* Salah */,
				527F44672B7822B100758629 /* Salah_Watch Watch App */,
				527F44782B7822B300758629 /* Salah_Watch Watch AppTests */,
				527F44822B7822B300758629 /* Salah_Watch Watch AppUITests */,
				C96F50B32B29A401005D09A5 /* Frameworks */,
				C9F5E3072B20793A00964AF0 /* Products */,
			);
			sourceTree = "<group>";
		};
		C9F5E3072B20793A00964AF0 /* Products */ = {
			isa = PBXGroup;
			children = (
				C9F5E3062B20793A00964AF0 /* Salah.app */,
			);
			name = Products;
			sourceTree = "<group>";
		};
		C9F5E3082B20793A00964AF0 /* Salah */ = {
			isa = PBXGroup;
			children = (
				52125CAE2BAD7FC200701295 /* AppResources */,
				52125CB32BAD7FC200701295 /* Models */,
				52125CA42BAD7FC100701295 /* Modules */,
				52125CA32BAD7FC100701295 /* Prayer */,
				52125CAC2BAD7FC100701295 /* ViewModel */,
				52125CB52BAD7FC200701295 /* Views */,
				0504786E2B20F63500E6BE85 /* Info.plist */,
				056F97C52B22812B006AC7F8 /* Data */,
				C9F5E30D2B20793C00964AF0 /* Assets.xcassets */,
				C9F5E30F2B20793C00964AF0 /* Salah.entitlements */,
				C9F5E31A2B207EBC00964AF0 /* Salah-Bridging-Header.h */,
				C9F5E3102B20793C00964AF0 /* Preview Content */,
			);
			path = Salah;
			sourceTree = "<group>";
		};
		C9F5E3102B20793C00964AF0 /* Preview Content */ = {
			isa = PBXGroup;
			children = (
				C9F5E3112B20793C00964AF0 /* Preview Assets.xcassets */,
			);
			path = "Preview Content";
			sourceTree = "<group>";
		};
/* End PBXGroup section */

/* Begin PBXNativeTarget section */
		C9F5E3052B20793A00964AF0 /* Salah */ = {
			isa = PBXNativeTarget;
			buildConfigurationList = C9F5E3152B20793C00964AF0 /* Build configuration list for PBXNativeTarget "Salah" */;
			buildPhases = (
				C9F5E3022B20793A00964AF0 /* Sources */,
				C9F5E3032B20793A00964AF0 /* Frameworks */,
				C9F5E3042B20793A00964AF0 /* Resources */,
				052F0CC22B2322AF0037ADAE /* Embed Watch Content */,
				C96F50CA2B29A403005D09A5 /* Embed Foundation Extensions */,
			);
			buildRules = (
			);
			dependencies = (
			);
			name = Salah;
			productName = Salah;
			productReference = C9F5E3062B20793A00964AF0 /* Salah.app */;
			productType = "com.apple.product-type.application";
		};
/* End PBXNativeTarget section */

/* Begin PBXProject section */
		C9F5E2FE2B20793A00964AF0 /* Project object */ = {
			isa = PBXProject;
			attributes = {
				BuildIndependentTargetsInParallel = 1;
				LastSwiftUpdateCheck = 1520;
				LastUpgradeCheck = 1510;
				TargetAttributes = {
					C9F5E3052B20793A00964AF0 = {
						CreatedOnToolsVersion = 15.0.1;
						LastSwiftMigration = 1500;
					};
				};
			};
			buildConfigurationList = C9F5E3012B20793A00964AF0 /* Build configuration list for PBXProject "Salah" */;
			compatibilityVersion = "Xcode 14.0";
			developmentRegion = en;
			hasScannedForEncodings = 0;
			knownRegions = (
				en,
				Base,
			);
			mainGroup = C9F5E2FD2B20793A00964AF0;
			productRefGroup = C9F5E3072B20793A00964AF0 /* Products */;
			projectDirPath = "";
			projectRoot = "";
			targets = (
				C9F5E3052B20793A00964AF0 /* Salah */,
			);
		};
/* End PBXProject section */

/* Begin PBXResourcesBuildPhase section */
		C9F5E3042B20793A00964AF0 /* Resources */ = {
			isa = PBXResourcesBuildPhase;
			buildActionMask = 2147483647;
			files = (
				C91731B22B45CA8F0054CAF6 /* SalahSettings.JSON in Resources */,
				C9CE44922B41C78D002B7002 /* cities.json in Resources */,
				C9F5E3122B20793C00964AF0 /* Preview Assets.xcassets in Resources */,
				C9F5E30E2B20793C00964AF0 /* Assets.xcassets in Resources */,
			);
			runOnlyForDeploymentPostprocessing = 0;
		};
/* End PBXResourcesBuildPhase section */

/* Begin PBXSourcesBuildPhase section */
		C9F5E3022B20793A00964AF0 /* Sources */ = {
			isa = PBXSourcesBuildPhase;
			buildActionMask = 2147483647;
			files = (
				52125CD32BAD7FC200701295 /* NotificationPermission.swift in Sources */,
				52125CDA2BAD7FC200701295 /* LocationListView.swift in Sources */,
				52125CDD2BAD7FC200701295 /* PrayerTodaySectionView.swift in Sources */,
				52125CCC2BAD7FC200701295 /* AppButtons.swift in Sources */,
				52125CDB2BAD7FC200701295 /* AppLandingView.swift in Sources */,
				52125CD22BAD7FC200701295 /* LocationPermissionOnboard.swift in Sources */,
				52125CDF2BAD7FC200701295 /* NowTimeView.swift in Sources */,
				52125CC62BAD7FC200701295 /* MacView.swift in Sources */,
				52125CC82BAD7FC200701295 /* IPhoneView.swift in Sources */,
				52125CCD2BAD7FC200701295 /* SalahApp.swift in Sources */,
				52125CE02BAD7FC200701295 /* ContainerView.swift in Sources */,
				52125CD92BAD7FC200701295 /* PrayerTodayCellView.swift in Sources */,
				52125CDC2BAD7FC200701295 /* PrayerInfoView.swift in Sources */,
				52125CCB2BAD7FC200701295 /* ContentViewModel.swift in Sources */,
				52125CD42BAD7FC200701295 /* PermissionBoard.swift in Sources */,
				52125CCE2BAD7FC200701295 /* ContentView.swift in Sources */,
				52125CD02BAD7FC200701295 /* PrayerPlace.swift in Sources */,
				52125CC92BAD7FC200701295 /* IPadView.swift in Sources */,
				52125CD52BAD7FC200701295 /* DetailsView.swift in Sources */,
				52125CD82BAD7FC200701295 /* NotificationManager.swift in Sources */,
				52125CCA2BAD7FC200701295 /* ChooseCityView.swift in Sources */,
				52125CD72BAD7FC200701295 /* NextPrayerView.swift in Sources */,
				52125CDE2BAD7FC200701295 /* LocationManager.swift in Sources */,
				52125CC72BAD7FC200701295 /* MainTabView.swift in Sources */,
				52125CD62BAD7FC200701295 /* QiblaView.swift in Sources */,
				52125CD12BAD7FC200701295 /* SettingsView.swift in Sources */,
			);
			runOnlyForDeploymentPostprocessing = 0;
		};
/* End PBXSourcesBuildPhase section */

/* Begin XCBuildConfiguration section */
		C9F5E3132B20793C00964AF0 /* Debug */ = {
			isa = XCBuildConfiguration;
			buildSettings = {
				ALWAYS_SEARCH_USER_PATHS = NO;
				ASSETCATALOG_COMPILER_GENERATE_SWIFT_ASSET_SYMBOL_EXTENSIONS = YES;
				CLANG_ANALYZER_NONNULL = YES;
				CLANG_ANALYZER_NUMBER_OBJECT_CONVERSION = YES_AGGRESSIVE;
				CLANG_CXX_LANGUAGE_STANDARD = "gnu++20";
				CLANG_ENABLE_MODULES = YES;
				CLANG_ENABLE_OBJC_ARC = YES;
				CLANG_ENABLE_OBJC_WEAK = YES;
				CLANG_WARN_BLOCK_CAPTURE_AUTORELEASING = YES;
				CLANG_WARN_BOOL_CONVERSION = YES;
				CLANG_WARN_COMMA = YES;
				CLANG_WARN_CONSTANT_CONVERSION = YES;
				CLANG_WARN_DEPRECATED_OBJC_IMPLEMENTATIONS = YES;
				CLANG_WARN_DIRECT_OBJC_ISA_USAGE = YES_ERROR;
				CLANG_WARN_DOCUMENTATION_COMMENTS = YES;
				CLANG_WARN_EMPTY_BODY = YES;
				CLANG_WARN_ENUM_CONVERSION = YES;
				CLANG_WARN_INFINITE_RECURSION = YES;
				CLANG_WARN_INT_CONVERSION = YES;
				CLANG_WARN_NON_LITERAL_NULL_CONVERSION = YES;
				CLANG_WARN_OBJC_IMPLICIT_RETAIN_SELF = YES;
				CLANG_WARN_OBJC_LITERAL_CONVERSION = YES;
				CLANG_WARN_OBJC_ROOT_CLASS = YES_ERROR;
				CLANG_WARN_QUOTED_INCLUDE_IN_FRAMEWORK_HEADER = YES;
				CLANG_WARN_RANGE_LOOP_ANALYSIS = YES;
				CLANG_WARN_STRICT_PROTOTYPES = YES;
				CLANG_WARN_SUSPICIOUS_MOVE = YES;
				CLANG_WARN_UNGUARDED_AVAILABILITY = YES_AGGRESSIVE;
				CLANG_WARN_UNREACHABLE_CODE = YES;
				CLANG_WARN__DUPLICATE_METHOD_MATCH = YES;
				COPY_PHASE_STRIP = NO;
				DEAD_CODE_STRIPPING = YES;
				DEBUG_INFORMATION_FORMAT = dwarf;
				ENABLE_STRICT_OBJC_MSGSEND = YES;
				ENABLE_TESTABILITY = YES;
				ENABLE_USER_SCRIPT_SANDBOXING = YES;
				GCC_C_LANGUAGE_STANDARD = gnu17;
				GCC_DYNAMIC_NO_PIC = NO;
				GCC_NO_COMMON_BLOCKS = YES;
				GCC_OPTIMIZATION_LEVEL = 0;
				GCC_PREPROCESSOR_DEFINITIONS = (
					"DEBUG=1",
					"$(inherited)",
				);
				GCC_WARN_64_TO_32_BIT_CONVERSION = YES;
				GCC_WARN_ABOUT_RETURN_TYPE = YES_ERROR;
				GCC_WARN_UNDECLARED_SELECTOR = YES;
				GCC_WARN_UNINITIALIZED_AUTOS = YES_AGGRESSIVE;
				GCC_WARN_UNUSED_FUNCTION = YES;
				GCC_WARN_UNUSED_VARIABLE = YES;
				LOCALIZATION_PREFERS_STRING_CATALOGS = YES;
				MTL_ENABLE_DEBUG_INFO = INCLUDE_SOURCE;
				MTL_FAST_MATH = YES;
				ONLY_ACTIVE_ARCH = YES;
				SWIFT_ACTIVE_COMPILATION_CONDITIONS = "DEBUG $(inherited)";
				SWIFT_OPTIMIZATION_LEVEL = "-Onone";
			};
			name = Debug;
		};
		C9F5E3142B20793C00964AF0 /* Release */ = {
			isa = XCBuildConfiguration;
			buildSettings = {
				ALWAYS_SEARCH_USER_PATHS = NO;
				ASSETCATALOG_COMPILER_GENERATE_SWIFT_ASSET_SYMBOL_EXTENSIONS = YES;
				CLANG_ANALYZER_NONNULL = YES;
				CLANG_ANALYZER_NUMBER_OBJECT_CONVERSION = YES_AGGRESSIVE;
				CLANG_CXX_LANGUAGE_STANDARD = "gnu++20";
				CLANG_ENABLE_MODULES = YES;
				CLANG_ENABLE_OBJC_ARC = YES;
				CLANG_ENABLE_OBJC_WEAK = YES;
				CLANG_WARN_BLOCK_CAPTURE_AUTORELEASING = YES;
				CLANG_WARN_BOOL_CONVERSION = YES;
				CLANG_WARN_COMMA = YES;
				CLANG_WARN_CONSTANT_CONVERSION = YES;
				CLANG_WARN_DEPRECATED_OBJC_IMPLEMENTATIONS = YES;
				CLANG_WARN_DIRECT_OBJC_ISA_USAGE = YES_ERROR;
				CLANG_WARN_DOCUMENTATION_COMMENTS = YES;
				CLANG_WARN_EMPTY_BODY = YES;
				CLANG_WARN_ENUM_CONVERSION = YES;
				CLANG_WARN_INFINITE_RECURSION = YES;
				CLANG_WARN_INT_CONVERSION = YES;
				CLANG_WARN_NON_LITERAL_NULL_CONVERSION = YES;
				CLANG_WARN_OBJC_IMPLICIT_RETAIN_SELF = YES;
				CLANG_WARN_OBJC_LITERAL_CONVERSION = YES;
				CLANG_WARN_OBJC_ROOT_CLASS = YES_ERROR;
				CLANG_WARN_QUOTED_INCLUDE_IN_FRAMEWORK_HEADER = YES;
				CLANG_WARN_RANGE_LOOP_ANALYSIS = YES;
				CLANG_WARN_STRICT_PROTOTYPES = YES;
				CLANG_WARN_SUSPICIOUS_MOVE = YES;
				CLANG_WARN_UNGUARDED_AVAILABILITY = YES_AGGRESSIVE;
				CLANG_WARN_UNREACHABLE_CODE = YES;
				CLANG_WARN__DUPLICATE_METHOD_MATCH = YES;
				COPY_PHASE_STRIP = NO;
				DEAD_CODE_STRIPPING = YES;
				DEBUG_INFORMATION_FORMAT = "dwarf-with-dsym";
				ENABLE_NS_ASSERTIONS = NO;
				ENABLE_STRICT_OBJC_MSGSEND = YES;
				ENABLE_USER_SCRIPT_SANDBOXING = YES;
				GCC_C_LANGUAGE_STANDARD = gnu17;
				GCC_NO_COMMON_BLOCKS = YES;
				GCC_WARN_64_TO_32_BIT_CONVERSION = YES;
				GCC_WARN_ABOUT_RETURN_TYPE = YES_ERROR;
				GCC_WARN_UNDECLARED_SELECTOR = YES;
				GCC_WARN_UNINITIALIZED_AUTOS = YES_AGGRESSIVE;
				GCC_WARN_UNUSED_FUNCTION = YES;
				GCC_WARN_UNUSED_VARIABLE = YES;
				LOCALIZATION_PREFERS_STRING_CATALOGS = YES;
				MTL_ENABLE_DEBUG_INFO = NO;
				MTL_FAST_MATH = YES;
				SWIFT_COMPILATION_MODE = wholemodule;
			};
			name = Release;
		};
		C9F5E3162B20793C00964AF0 /* Debug */ = {
			isa = XCBuildConfiguration;
			buildSettings = {
				ALWAYS_EMBED_SWIFT_STANDARD_LIBRARIES = YES;
				ASSETCATALOG_COMPILER_APPICON_NAME = AppIcon;
				ASSETCATALOG_COMPILER_GLOBAL_ACCENT_COLOR_NAME = AccentColor;
				CLANG_ENABLE_MODULES = YES;
				CLANG_ENABLE_OBJC_ARC = NO;
				CODE_SIGN_ENTITLEMENTS = Salah/Salah.entitlements;
				CODE_SIGN_IDENTITY = "Apple Development";
				CODE_SIGN_STYLE = Automatic;
				CURRENT_PROJECT_VERSION = 1;
				DEAD_CODE_STRIPPING = YES;
				DEVELOPMENT_ASSET_PATHS = "\"Salah/Preview Content\"";
				DEVELOPMENT_TEAM = CT7H96YF74;
				ENABLE_HARDENED_RUNTIME = YES;
				"ENABLE_HARDENED_RUNTIME[sdk=macosx*]" = YES;
				ENABLE_PREVIEWS = YES;
				GENERATE_INFOPLIST_FILE = YES;
				INFOPLIST_FILE = Salah/Info.plist;
				INFOPLIST_KEY_CFBundleDisplayName = Salah;
				INFOPLIST_KEY_LSApplicationCategoryType = "public.app-category.utilities";
				INFOPLIST_KEY_NSLocationUsageDescription = "This app needs your location coordinates to calculate the accurate salah timings for your region. Your location data is only used for this purpose and is not shared with any third parties. You can grant or revoke this permission at any time in your device settings.";
				INFOPLIST_KEY_NSLocationWhenInUseUsageDescription = "This app needs your location coordinates to calculate the accurate salah timings for your region. Your location data is only used for this purpose and is not shared with any third parties. You can grant or revoke this permission at any time in your device settings.";
				"INFOPLIST_KEY_UIApplicationSceneManifest_Generation[sdk=iphoneos*]" = YES;
				"INFOPLIST_KEY_UIApplicationSceneManifest_Generation[sdk=iphonesimulator*]" = YES;
				"INFOPLIST_KEY_UIApplicationSupportsIndirectInputEvents[sdk=iphoneos*]" = YES;
				"INFOPLIST_KEY_UIApplicationSupportsIndirectInputEvents[sdk=iphonesimulator*]" = YES;
				"INFOPLIST_KEY_UILaunchScreen_Generation[sdk=iphoneos*]" = YES;
				"INFOPLIST_KEY_UILaunchScreen_Generation[sdk=iphonesimulator*]" = YES;
				"INFOPLIST_KEY_UIStatusBarStyle[sdk=iphoneos*]" = UIStatusBarStyleDefault;
				"INFOPLIST_KEY_UIStatusBarStyle[sdk=iphonesimulator*]" = UIStatusBarStyleDefault;
				INFOPLIST_KEY_UISupportedInterfaceOrientations = "UIInterfaceOrientationLandscapeLeft UIInterfaceOrientationLandscapeRight UIInterfaceOrientationPortrait UIInterfaceOrientationPortraitUpsideDown";
				IPHONEOS_DEPLOYMENT_TARGET = 17.0;
				LD_RUNPATH_SEARCH_PATHS = "@executable_path/Frameworks";
				"LD_RUNPATH_SEARCH_PATHS[sdk=macosx*]" = "@executable_path/../Frameworks";
				MACOSX_DEPLOYMENT_TARGET = 14.3;
				MARKETING_VERSION = 1.2;
				PRODUCT_BUNDLE_IDENTIFIER = com.kamsque.Salah;
				PRODUCT_NAME = "$(TARGET_NAME)";
				PROVISIONING_PROFILE_SPECIFIER = "";
				SDKROOT = auto;
				SUPPORTED_PLATFORMS = "appletvos appletvsimulator iphoneos iphonesimulator macosx";
				SUPPORTS_MACCATALYST = NO;
				SWIFT_EMIT_LOC_STRINGS = YES;
				SWIFT_OBJC_BRIDGING_HEADER = "";
				SWIFT_OPTIMIZATION_LEVEL = "-Onone";
				SWIFT_VERSION = 5.0;
				TARGETED_DEVICE_FAMILY = "1,2,3";
			};
			name = Debug;
		};
		C9F5E3172B20793C00964AF0 /* Release */ = {
			isa = XCBuildConfiguration;
			buildSettings = {
				ALWAYS_EMBED_SWIFT_STANDARD_LIBRARIES = YES;
				ASSETCATALOG_COMPILER_APPICON_NAME = AppIcon;
				ASSETCATALOG_COMPILER_GLOBAL_ACCENT_COLOR_NAME = AccentColor;
				CLANG_ENABLE_MODULES = YES;
				CLANG_ENABLE_OBJC_ARC = NO;
				CODE_SIGN_ENTITLEMENTS = Salah/Salah.entitlements;
				CODE_SIGN_IDENTITY = "Apple Development";
				CODE_SIGN_STYLE = Automatic;
				CURRENT_PROJECT_VERSION = 1;
				DEAD_CODE_STRIPPING = YES;
				DEVELOPMENT_ASSET_PATHS = "\"Salah/Preview Content\"";
				DEVELOPMENT_TEAM = CT7H96YF74;
				ENABLE_HARDENED_RUNTIME = YES;
				"ENABLE_HARDENED_RUNTIME[sdk=macosx*]" = YES;
				ENABLE_PREVIEWS = YES;
				GENERATE_INFOPLIST_FILE = YES;
				INFOPLIST_FILE = Salah/Info.plist;
				INFOPLIST_KEY_CFBundleDisplayName = Salah;
				INFOPLIST_KEY_LSApplicationCategoryType = "public.app-category.utilities";
				INFOPLIST_KEY_NSLocationUsageDescription = "This app needs your location coordinates to calculate the accurate salah timings for your region. Your location data is only used for this purpose and is not shared with any third parties. You can grant or revoke this permission at any time in your device settings.";
				INFOPLIST_KEY_NSLocationWhenInUseUsageDescription = "This app needs your location coordinates to calculate the accurate salah timings for your region. Your location data is only used for this purpose and is not shared with any third parties. You can grant or revoke this permission at any time in your device settings.";
				"INFOPLIST_KEY_UIApplicationSceneManifest_Generation[sdk=iphoneos*]" = YES;
				"INFOPLIST_KEY_UIApplicationSceneManifest_Generation[sdk=iphonesimulator*]" = YES;
				"INFOPLIST_KEY_UIApplicationSupportsIndirectInputEvents[sdk=iphoneos*]" = YES;
				"INFOPLIST_KEY_UIApplicationSupportsIndirectInputEvents[sdk=iphonesimulator*]" = YES;
				"INFOPLIST_KEY_UILaunchScreen_Generation[sdk=iphoneos*]" = YES;
				"INFOPLIST_KEY_UILaunchScreen_Generation[sdk=iphonesimulator*]" = YES;
				"INFOPLIST_KEY_UIStatusBarStyle[sdk=iphoneos*]" = UIStatusBarStyleDefault;
				"INFOPLIST_KEY_UIStatusBarStyle[sdk=iphonesimulator*]" = UIStatusBarStyleDefault;
				INFOPLIST_KEY_UISupportedInterfaceOrientations = "UIInterfaceOrientationLandscapeLeft UIInterfaceOrientationLandscapeRight UIInterfaceOrientationPortrait UIInterfaceOrientationPortraitUpsideDown";
				IPHONEOS_DEPLOYMENT_TARGET = 17.0;
				LD_RUNPATH_SEARCH_PATHS = "@executable_path/Frameworks";
				"LD_RUNPATH_SEARCH_PATHS[sdk=macosx*]" = "@executable_path/../Frameworks";
				MACOSX_DEPLOYMENT_TARGET = 14.3;
				MARKETING_VERSION = 1.2;
				PRODUCT_BUNDLE_IDENTIFIER = com.kamsque.Salah;
				PRODUCT_NAME = "$(TARGET_NAME)";
				PROVISIONING_PROFILE_SPECIFIER = "";
				SDKROOT = auto;
				SUPPORTED_PLATFORMS = "appletvos appletvsimulator iphoneos iphonesimulator macosx";
				SUPPORTS_MACCATALYST = NO;
				SWIFT_EMIT_LOC_STRINGS = YES;
				SWIFT_OBJC_BRIDGING_HEADER = "";
				SWIFT_VERSION = 5.0;
				TARGETED_DEVICE_FAMILY = "1,2,3";
			};
			name = Release;
		};
/* End XCBuildConfiguration section */

/* Begin XCConfigurationList section */
		C9F5E3012B20793A00964AF0 /* Build configuration list for PBXProject "Salah" */ = {
			isa = XCConfigurationList;
			buildConfigurations = (
				C9F5E3132B20793C00964AF0 /* Debug */,
				C9F5E3142B20793C00964AF0 /* Release */,
			);
			defaultConfigurationIsVisible = 0;
			defaultConfigurationName = Release;
		};
		C9F5E3152B20793C00964AF0 /* Build configuration list for PBXNativeTarget "Salah" */ = {
			isa = XCConfigurationList;
			buildConfigurations = (
				C9F5E3162B20793C00964AF0 /* Debug */,
				C9F5E3172B20793C00964AF0 /* Release */,
			);
			defaultConfigurationIsVisible = 0;
			defaultConfigurationName = Release;
		};
/* End XCConfigurationList section */
	};
	rootObject = C9F5E2FE2B20793A00964AF0 /* Project object */;
}
